// !$*UTF8*$!
{
	archiveVersion = 1;
	classes = {
	};
	objectVersion = 56;
	objects = {

/* Begin PBXBuildFile section */
		1988E4F129BE2AFB00BCB37D /* cunnectApp.swift in Sources */ = {isa = PBXBuildFile; fileRef = 1988E4F029BE2AFB00BCB37D /* cunnectApp.swift */; };
		1988E4F329BE2AFB00BCB37D /* ContentView.swift in Sources */ = {isa = PBXBuildFile; fileRef = 1988E4F229BE2AFB00BCB37D /* ContentView.swift */; };
		1988E4F529BE2B0100BCB37D /* Assets.xcassets in Resources */ = {isa = PBXBuildFile; fileRef = 1988E4F429BE2B0100BCB37D /* Assets.xcassets */; };
		1988E4F829BE2B0100BCB37D /* Preview Assets.xcassets in Resources */ = {isa = PBXBuildFile; fileRef = 1988E4F729BE2B0100BCB37D /* Preview Assets.xcassets */; };
		1988E50229BE2B0100BCB37D /* cunnectTests.swift in Sources */ = {isa = PBXBuildFile; fileRef = 1988E50129BE2B0100BCB37D /* cunnectTests.swift */; };
		1988E50C29BE2B0100BCB37D /* cunnectUITests.swift in Sources */ = {isa = PBXBuildFile; fileRef = 1988E50B29BE2B0100BCB37D /* cunnectUITests.swift */; };
		1988E50E29BE2B0100BCB37D /* cunnectUITestsLaunchTests.swift in Sources */ = {isa = PBXBuildFile; fileRef = 1988E50D29BE2B0100BCB37D /* cunnectUITestsLaunchTests.swift */; };
		19A814A229D4F8D30053B844 /* cunnect in Resources */ = {isa = PBXBuildFile; fileRef = 19A814A129D4F8D20053B844 /* cunnect */; };
/* End PBXBuildFile section */

/* Begin PBXContainerItemProxy section */
		1988E4FE29BE2B0100BCB37D /* PBXContainerItemProxy */ = {
			isa = PBXContainerItemProxy;
			containerPortal = 1988E4E529BE2AFA00BCB37D /* Project object */;
			proxyType = 1;
			remoteGlobalIDString = 1988E4EC29BE2AFB00BCB37D;
			remoteInfo = cunnect;
		};
		1988E50829BE2B0100BCB37D /* PBXContainerItemProxy */ = {
			isa = PBXContainerItemProxy;
			containerPortal = 1988E4E529BE2AFA00BCB37D /* Project object */;
			proxyType = 1;
			remoteGlobalIDString = 1988E4EC29BE2AFB00BCB37D;
			remoteInfo = cunnect;
		};
/* End PBXContainerItemProxy section */

/* Begin PBXFileReference section */
		1988E4ED29BE2AFB00BCB37D /* cunnect.app */ = {isa = PBXFileReference; explicitFileType = wrapper.application; includeInIndex = 0; path = cunnect.app; sourceTree = BUILT_PRODUCTS_DIR; };
		1988E4F029BE2AFB00BCB37D /* cunnectApp.swift */ = {isa = PBXFileReference; lastKnownFileType = sourcecode.swift; path = cunnectApp.swift; sourceTree = "<group>"; };
		1988E4F229BE2AFB00BCB37D /* ContentView.swift */ = {isa = PBXFileReference; lastKnownFileType = sourcecode.swift; path = ContentView.swift; sourceTree = "<group>"; };
		1988E4F429BE2B0100BCB37D /* Assets.xcassets */ = {isa = PBXFileReference; lastKnownFileType = folder.assetcatalog; path = Assets.xcassets; sourceTree = "<group>"; };
		1988E4F729BE2B0100BCB37D /* Preview Assets.xcassets */ = {isa = PBXFileReference; lastKnownFileType = folder.assetcatalog; path = "Preview Assets.xcassets"; sourceTree = "<group>"; };
		1988E4FD29BE2B0100BCB37D /* cunnectTests.xctest */ = {isa = PBXFileReference; explicitFileType = wrapper.cfbundle; includeInIndex = 0; path = cunnectTests.xctest; sourceTree = BUILT_PRODUCTS_DIR; };
		1988E50129BE2B0100BCB37D /* cunnectTests.swift */ = {isa = PBXFileReference; lastKnownFileType = sourcecode.swift; path = cunnectTests.swift; sourceTree = "<group>"; };
		1988E50729BE2B0100BCB37D /* cunnectUITests.xctest */ = {isa = PBXFileReference; explicitFileType = wrapper.cfbundle; includeInIndex = 0; path = cunnectUITests.xctest; sourceTree = BUILT_PRODUCTS_DIR; };
		1988E50B29BE2B0100BCB37D /* cunnectUITests.swift */ = {isa = PBXFileReference; lastKnownFileType = sourcecode.swift; path = cunnectUITests.swift; sourceTree = "<group>"; };
		1988E50D29BE2B0100BCB37D /* cunnectUITestsLaunchTests.swift */ = {isa = PBXFileReference; lastKnownFileType = sourcecode.swift; path = cunnectUITestsLaunchTests.swift; sourceTree = "<group>"; };
		19A814A129D4F8D20053B844 /* cunnect */ = {isa = PBXFileReference; lastKnownFileType = folder; name = cunnect; sourceTree = "<group>"; };
/* End PBXFileReference section */

/* Begin PBXFrameworksBuildPhase section */
		1988E4EA29BE2AFB00BCB37D /* Frameworks */ = {
			isa = PBXFrameworksBuildPhase;
			buildActionMask = 2147483647;
			files = (
			);
			runOnlyForDeploymentPostprocessing = 0;
		};
		1988E4FA29BE2B0100BCB37D /* Frameworks */ = {
			isa = PBXFrameworksBuildPhase;
			buildActionMask = 2147483647;
			files = (
			);
			runOnlyForDeploymentPostprocessing = 0;
		};
		1988E50429BE2B0100BCB37D /* Frameworks */ = {
			isa = PBXFrameworksBuildPhase;
			buildActionMask = 2147483647;
			files = (
			);
			runOnlyForDeploymentPostprocessing = 0;
		};
/* End PBXFrameworksBuildPhase section */

/* Begin PBXGroup section */
		1988E4E429BE2AFA00BCB37D = {
			isa = PBXGroup;
			children = (
				1988E4EF29BE2AFB00BCB37D /* cunnect */,
				1988E50029BE2B0100BCB37D /* cunnectTests */,
				1988E50A29BE2B0100BCB37D /* cunnectUITests */,
				1988E4EE29BE2AFB00BCB37D /* Products */,
			);
			sourceTree = "<group>";
		};
		1988E4EE29BE2AFB00BCB37D /* Products */ = {
			isa = PBXGroup;
			children = (
				1988E4ED29BE2AFB00BCB37D /* cunnect.app */,
				1988E4FD29BE2B0100BCB37D /* cunnectTests.xctest */,
				1988E50729BE2B0100BCB37D /* cunnectUITests.xctest */,
			);
			name = Products;
			sourceTree = "<group>";
		};
		1988E4EF29BE2AFB00BCB37D /* cunnect */ = {
			isa = PBXGroup;
			children = (
				19A814A129D4F8D20053B844 /* cunnect */,
				1988E4F029BE2AFB00BCB37D /* cunnectApp.swift */,
				1988E4F229BE2AFB00BCB37D /* ContentView.swift */,
				1988E4F429BE2B0100BCB37D /* Assets.xcassets */,
				1988E4F629BE2B0100BCB37D /* Preview Content */,
			);
			path = cunnect;
			sourceTree = "<group>";
		};
		1988E4F629BE2B0100BCB37D /* Preview Content */ = {
			isa = PBXGroup;
			children = (
				1988E4F729BE2B0100BCB37D /* Preview Assets.xcassets */,
			);
			path = "Preview Content";
			sourceTree = "<group>";
		};
		1988E50029BE2B0100BCB37D /* cunnectTests */ = {
			isa = PBXGroup;
			children = (
				1988E50129BE2B0100BCB37D /* cunnectTests.swift */,
			);
			path = cunnectTests;
			sourceTree = "<group>";
		};
		1988E50A29BE2B0100BCB37D /* cunnectUITests */ = {
			isa = PBXGroup;
			children = (
				1988E50B29BE2B0100BCB37D /* cunnectUITests.swift */,
				1988E50D29BE2B0100BCB37D /* cunnectUITestsLaunchTests.swift */,
			);
			path = cunnectUITests;
			sourceTree = "<group>";
		};
/* End PBXGroup section */

/* Begin PBXNativeTarget section */
		1988E4EC29BE2AFB00BCB37D /* cunnect */ = {
			isa = PBXNativeTarget;
			buildConfigurationList = 1988E51129BE2B0100BCB37D /* Build configuration list for PBXNativeTarget "cunnect" */;
			buildPhases = (
				1988E4E929BE2AFB00BCB37D /* Sources */,
				1988E4EA29BE2AFB00BCB37D /* Frameworks */,
				1988E4EB29BE2AFB00BCB37D /* Resources */,
			);
			buildRules = (
			);
			dependencies = (
			);
			name = cunnect;
			productName = cunnect;
			productReference = 1988E4ED29BE2AFB00BCB37D /* cunnect.app */;
			productType = "com.apple.product-type.application";
		};
		1988E4FC29BE2B0100BCB37D /* cunnectTests */ = {
			isa = PBXNativeTarget;
			buildConfigurationList = 1988E51429BE2B0100BCB37D /* Build configuration list for PBXNativeTarget "cunnectTests" */;
			buildPhases = (
				1988E4F929BE2B0100BCB37D /* Sources */,
				1988E4FA29BE2B0100BCB37D /* Frameworks */,
				1988E4FB29BE2B0100BCB37D /* Resources */,
			);
			buildRules = (
			);
			dependencies = (
				1988E4FF29BE2B0100BCB37D /* PBXTargetDependency */,
			);
			name = cunnectTests;
			productName = cunnectTests;
			productReference = 1988E4FD29BE2B0100BCB37D /* cunnectTests.xctest */;
			productType = "com.apple.product-type.bundle.unit-test";
		};
		1988E50629BE2B0100BCB37D /* cunnectUITests */ = {
			isa = PBXNativeTarget;
			buildConfigurationList = 1988E51729BE2B0100BCB37D /* Build configuration list for PBXNativeTarget "cunnectUITests" */;
			buildPhases = (
				1988E50329BE2B0100BCB37D /* Sources */,
				1988E50429BE2B0100BCB37D /* Frameworks */,
				1988E50529BE2B0100BCB37D /* Resources */,
			);
			buildRules = (
			);
			dependencies = (
				1988E50929BE2B0100BCB37D /* PBXTargetDependency */,
			);
			name = cunnectUITests;
			productName = cunnectUITests;
			productReference = 1988E50729BE2B0100BCB37D /* cunnectUITests.xctest */;
			productType = "com.apple.product-type.bundle.ui-testing";
		};
/* End PBXNativeTarget section */

/* Begin PBXProject section */
		1988E4E529BE2AFA00BCB37D /* Project object */ = {
			isa = PBXProject;
			attributes = {
				BuildIndependentTargetsInParallel = 1;
				LastSwiftUpdateCheck = 1420;
				LastUpgradeCheck = 1420;
				TargetAttributes = {
					1988E4EC29BE2AFB00BCB37D = {
						CreatedOnToolsVersion = 14.2;
					};
					1988E4FC29BE2B0100BCB37D = {
						CreatedOnToolsVersion = 14.2;
						TestTargetID = 1988E4EC29BE2AFB00BCB37D;
					};
					1988E50629BE2B0100BCB37D = {
						CreatedOnToolsVersion = 14.2;
						TestTargetID = 1988E4EC29BE2AFB00BCB37D;
					};
				};
			};
			buildConfigurationList = 1988E4E829BE2AFA00BCB37D /* Build configuration list for PBXProject "cunnect" */;
			compatibilityVersion = "Xcode 14.0";
			developmentRegion = en;
			hasScannedForEncodings = 0;
			knownRegions = (
				en,
				Base,
			);
			mainGroup = 1988E4E429BE2AFA00BCB37D;
			productRefGroup = 1988E4EE29BE2AFB00BCB37D /* Products */;
			projectDirPath = "";
			projectRoot = "";
			targets = (
				1988E4EC29BE2AFB00BCB37D /* cunnect */,
				1988E4FC29BE2B0100BCB37D /* cunnectTests */,
				1988E50629BE2B0100BCB37D /* cunnectUITests */,
			);
		};
/* End PBXProject section */

/* Begin PBXResourcesBuildPhase section */
		1988E4EB29BE2AFB00BCB37D /* Resources */ = {
			isa = PBXResourcesBuildPhase;
			buildActionMask = 2147483647;
			files = (
				19A814A229D4F8D30053B844 /* cunnect in Resources */,
				1988E4F829BE2B0100BCB37D /* Preview Assets.xcassets in Resources */,
				1988E4F529BE2B0100BCB37D /* Assets.xcassets in Resources */,
			);
			runOnlyForDeploymentPostprocessing = 0;
		};
		1988E4FB29BE2B0100BCB37D /* Resources */ = {
			isa = PBXResourcesBuildPhase;
			buildActionMask = 2147483647;
			files = (
			);
			runOnlyForDeploymentPostprocessing = 0;
		};
		1988E50529BE2B0100BCB37D /* Resources */ = {
			isa = PBXResourcesBuildPhase;
			buildActionMask = 2147483647;
			files = (
			);
			runOnlyForDeploymentPostprocessing = 0;
		};
/* End PBXResourcesBuildPhase section */

/* Begin PBXSourcesBuildPhase section */
		1988E4E929BE2AFB00BCB37D /* Sources */ = {
			isa = PBXSourcesBuildPhase;
			buildActionMask = 2147483647;
			files = (
				1988E4F329BE2AFB00BCB37D /* ContentView.swift in Sources */,
				1988E4F129BE2AFB00BCB37D /* cunnectApp.swift in Sources */,
			);
			runOnlyForDeploymentPostprocessing = 0;
		};
		1988E4F929BE2B0100BCB37D /* Sources */ = {
			isa = PBXSourcesBuildPhase;
			buildActionMask = 2147483647;
			files = (
				1988E50229BE2B0100BCB37D /* cunnectTests.swift in Sources */,
			);
			runOnlyForDeploymentPostprocessing = 0;
		};
		1988E50329BE2B0100BCB37D /* Sources */ = {
			isa = PBXSourcesBuildPhase;
			buildActionMask = 2147483647;
			files = (
				1988E50C29BE2B0100BCB37D /* cunnectUITests.swift in Sources */,
				1988E50E29BE2B0100BCB37D /* cunnectUITestsLaunchTests.swift in Sources */,
			);
			runOnlyForDeploymentPostprocessing = 0;
		};
/* End PBXSourcesBuildPhase section */

/* Begin PBXTargetDependency section */
		1988E4FF29BE2B0100BCB37D /* PBXTargetDependency */ = {
			isa = PBXTargetDependency;
			target = 1988E4EC29BE2AFB00BCB37D /* cunnect */;
			targetProxy = 1988E4FE29BE2B0100BCB37D /* PBXContainerItemProxy */;
		};
		1988E50929BE2B0100BCB37D /* PBXTargetDependency */ = {
			isa = PBXTargetDependency;
			target = 1988E4EC29BE2AFB00BCB37D /* cunnect */;
			targetProxy = 1988E50829BE2B0100BCB37D /* PBXContainerItemProxy */;
		};
/* End PBXTargetDependency section */

/* Begin XCBuildConfiguration section */
		1988E50F29BE2B0100BCB37D /* Debug */ = {
			isa = XCBuildConfiguration;
			buildSettings = {
				ALWAYS_SEARCH_USER_PATHS = NO;
				CLANG_ANALYZER_NONNULL = YES;
				CLANG_ANALYZER_NUMBER_OBJECT_CONVERSION = YES_AGGRESSIVE;
				CLANG_CXX_LANGUAGE_STANDARD = "gnu++20";
				CLANG_ENABLE_MODULES = YES;
				CLANG_ENABLE_OBJC_ARC = YES;
				CLANG_ENABLE_OBJC_WEAK = YES;
				CLANG_WARN_BLOCK_CAPTURE_AUTORELEASING = YES;
				CLANG_WARN_BOOL_CONVERSION = YES;
				CLANG_WARN_COMMA = YES;
				CLANG_WARN_CONSTANT_CONVERSION = YES;
				CLANG_WARN_DEPRECATED_OBJC_IMPLEMENTATIONS = YES;
				CLANG_WARN_DIRECT_OBJC_ISA_USAGE = YES_ERROR;
				CLANG_WARN_DOCUMENTATION_COMMENTS = YES;
				CLANG_WARN_EMPTY_BODY = YES;
				CLANG_WARN_ENUM_CONVERSION = YES;
				CLANG_WARN_INFINITE_RECURSION = YES;
				CLANG_WARN_INT_CONVERSION = YES;
				CLANG_WARN_NON_LITERAL_NULL_CONVERSION = YES;
				CLANG_WARN_OBJC_IMPLICIT_RETAIN_SELF = YES;
				CLANG_WARN_OBJC_LITERAL_CONVERSION = YES;
				CLANG_WARN_OBJC_ROOT_CLASS = YES_ERROR;
				CLANG_WARN_QUOTED_INCLUDE_IN_FRAMEWORK_HEADER = YES;
				CLANG_WARN_RANGE_LOOP_ANALYSIS = YES;
				CLANG_WARN_STRICT_PROTOTYPES = YES;
				CLANG_WARN_SUSPICIOUS_MOVE = YES;
				CLANG_WARN_UNGUARDED_AVAILABILITY = YES_AGGRESSIVE;
				CLANG_WARN_UNREACHABLE_CODE = YES;
				CLANG_WARN__DUPLICATE_METHOD_MATCH = YES;
				COPY_PHASE_STRIP = NO;
				DEBUG_INFORMATION_FORMAT = dwarf;
				ENABLE_STRICT_OBJC_MSGSEND = YES;
				ENABLE_TESTABILITY = YES;
				GCC_C_LANGUAGE_STANDARD = gnu11;
				GCC_DYNAMIC_NO_PIC = NO;
				GCC_NO_COMMON_BLOCKS = YES;
				GCC_OPTIMIZATION_LEVEL = 0;
				GCC_PREPROCESSOR_DEFINITIONS = (
					"DEBUG=1",
					"$(inherited)",
				);
				GCC_WARN_64_TO_32_BIT_CONVERSION = YES;
				GCC_WARN_ABOUT_RETURN_TYPE = YES_ERROR;
				GCC_WARN_UNDECLARED_SELECTOR = YES;
				GCC_WARN_UNINITIALIZED_AUTOS = YES_AGGRESSIVE;
				GCC_WARN_UNUSED_FUNCTION = YES;
				GCC_WARN_UNUSED_VARIABLE = YES;
				IPHONEOS_DEPLOYMENT_TARGET = 16.2;
				MTL_ENABLE_DEBUG_INFO = INCLUDE_SOURCE;
				MTL_FAST_MATH = YES;
				ONLY_ACTIVE_ARCH = YES;
				SDKROOT = iphoneos;
				SWIFT_ACTIVE_COMPILATION_CONDITIONS = DEBUG;
				SWIFT_OPTIMIZATION_LEVEL = "-Onone";
			};
			name = Debug;
		};
		1988E51029BE2B0100BCB37D /* Release */ = {
			isa = XCBuildConfiguration;
			buildSettings = {
				ALWAYS_SEARCH_USER_PATHS = NO;
				CLANG_ANALYZER_NONNULL = YES;
				CLANG_ANALYZER_NUMBER_OBJECT_CONVERSION = YES_AGGRESSIVE;
				CLANG_CXX_LANGUAGE_STANDARD = "gnu++20";
				CLANG_ENABLE_MODULES = YES;
				CLANG_ENABLE_OBJC_ARC = YES;
				CLANG_ENABLE_OBJC_WEAK = YES;
				CLANG_WARN_BLOCK_CAPTURE_AUTORELEASING = YES;
				CLANG_WARN_BOOL_CONVERSION = YES;
				CLANG_WARN_COMMA = YES;
				CLANG_WARN_CONSTANT_CONVERSION = YES;
				CLANG_WARN_DEPRECATED_OBJC_IMPLEMENTATIONS = YES;
				CLANG_WARN_DIRECT_OBJC_ISA_USAGE = YES_ERROR;
				CLANG_WARN_DOCUMENTATION_COMMENTS = YES;
				CLANG_WARN_EMPTY_BODY = YES;
				CLANG_WARN_ENUM_CONVERSION = YES;
				CLANG_WARN_INFINITE_RECURSION = YES;
				CLANG_WARN_INT_CONVERSION = YES;
				CLANG_WARN_NON_LITERAL_NULL_CONVERSION = YES;
				CLANG_WARN_OBJC_IMPLICIT_RETAIN_SELF = YES;
				CLANG_WARN_OBJC_LITERAL_CONVERSION = YES;
				CLANG_WARN_OBJC_ROOT_CLASS = YES_ERROR;
				CLANG_WARN_QUOTED_INCLUDE_IN_FRAMEWORK_HEADER = YES;
				CLANG_WARN_RANGE_LOOP_ANALYSIS = YES;
				CLANG_WARN_STRICT_PROTOTYPES = YES;
				CLANG_WARN_SUSPICIOUS_MOVE = YES;
				CLANG_WARN_UNGUARDED_AVAILABILITY = YES_AGGRESSIVE;
				CLANG_WARN_UNREACHABLE_CODE = YES;
				CLANG_WARN__DUPLICATE_METHOD_MATCH = YES;
				COPY_PHASE_STRIP = NO;
				DEBUG_INFORMATION_FORMAT = "dwarf-with-dsym";
				ENABLE_NS_ASSERTIONS = NO;
				ENABLE_STRICT_OBJC_MSGSEND = YES;
				GCC_C_LANGUAGE_STANDARD = gnu11;
				GCC_NO_COMMON_BLOCKS = YES;
				GCC_WARN_64_TO_32_BIT_CONVERSION = YES;
				GCC_WARN_ABOUT_RETURN_TYPE = YES_ERROR;
				GCC_WARN_UNDECLARED_SELECTOR = YES;
				GCC_WARN_UNINITIALIZED_AUTOS = YES_AGGRESSIVE;
				GCC_WARN_UNUSED_FUNCTION = YES;
				GCC_WARN_UNUSED_VARIABLE = YES;
				IPHONEOS_DEPLOYMENT_TARGET = 16.2;
				MTL_ENABLE_DEBUG_INFO = NO;
				MTL_FAST_MATH = YES;
				SDKROOT = iphoneos;
				SWIFT_COMPILATION_MODE = wholemodule;
				SWIFT_OPTIMIZATION_LEVEL = "-O";
				VALIDATE_PRODUCT = YES;
			};
			name = Release;
		};
		1988E51229BE2B0100BCB37D /* Debug */ = {
			isa = XCBuildConfiguration;
			buildSettings = {
				ASSETCATALOG_COMPILER_APPICON_NAME = AppIcon;
				ASSETCATALOG_COMPILER_GLOBAL_ACCENT_COLOR_NAME = AccentColor;
				CODE_SIGN_STYLE = Automatic;
				CURRENT_PROJECT_VERSION = 1;
				DEVELOPMENT_ASSET_PATHS = "\"cunnect/Preview Content\"";
				ENABLE_PREVIEWS = YES;
				GENERATE_INFOPLIST_FILE = YES;
				INFOPLIST_KEY_UIApplicationSceneManifest_Generation = YES;
				INFOPLIST_KEY_UIApplicationSupportsIndirectInputEvents = YES;
				INFOPLIST_KEY_UILaunchScreen_Generation = YES;
				INFOPLIST_KEY_UISupportedInterfaceOrientations_iPad = "UIInterfaceOrientationPortrait UIInterfaceOrientationPortraitUpsideDown UIInterfaceOrientationLandscapeLeft UIInterfaceOrientationLandscapeRight";
				INFOPLIST_KEY_UISupportedInterfaceOrientations_iPhone = "UIInterfaceOrientationPortrait UIInterfaceOrientationLandscapeLeft UIInterfaceOrientationLandscapeRight";
				LD_RUNPATH_SEARCH_PATHS = (
					"$(inherited)",
					"@executable_path/Frameworks",
				);
				MARKETING_VERSION = 1.0;
				PRODUCT_BUNDLE_IDENTIFIER = cunnect.cunnect;
				PRODUCT_NAME = "$(TARGET_NAME)";
				SWIFT_EMIT_LOC_STRINGS = YES;
				SWIFT_VERSION = 5.0;
				TARGETED_DEVICE_FAMILY = "1,2";
			};
			name = Debug;
		};
		1988E51329BE2B0100BCB37D /* Release */ = {
			isa = XCBuildConfiguration;
			buildSettings = {
				ASSETCATALOG_COMPILER_APPICON_NAME = AppIcon;
				ASSETCATALOG_COMPILER_GLOBAL_ACCENT_COLOR_NAME = AccentColor;
				CODE_SIGN_STYLE = Automatic;
				CURRENT_PROJECT_VERSION = 1;
				DEVELOPMENT_ASSET_PATHS = "\"cunnect/Preview Content\"";
				ENABLE_PREVIEWS = YES;
				GENERATE_INFOPLIST_FILE = YES;
				INFOPLIST_KEY_UIApplicationSceneManifest_Generation = YES;
				INFOPLIST_KEY_UIApplicationSupportsIndirectInputEvents = YES;
				INFOPLIST_KEY_UILaunchScreen_Generation = YES;
				INFOPLIST_KEY_UISupportedInterfaceOrientations_iPad = "UIInterfaceOrientationPortrait UIInterfaceOrientationPortraitUpsideDown UIInterfaceOrientationLandscapeLeft UIInterfaceOrientationLandscapeRight";
				INFOPLIST_KEY_UISupportedInterfaceOrientations_iPhone = "UIInterfaceOrientationPortrait UIInterfaceOrientationLandscapeLeft UIInterfaceOrientationLandscapeRight";
				LD_RUNPATH_SEARCH_PATHS = (
					"$(inherited)",
					"@executable_path/Frameworks",
				);
				MARKETING_VERSION = 1.0;
				PRODUCT_BUNDLE_IDENTIFIER = cunnect.cunnect;
				PRODUCT_NAME = "$(TARGET_NAME)";
				SWIFT_EMIT_LOC_STRINGS = YES;
				SWIFT_VERSION = 5.0;
				TARGETED_DEVICE_FAMILY = "1,2";
			};
			name = Release;
		};
		1988E51529BE2B0100BCB37D /* Debug */ = {
			isa = XCBuildConfiguration;
			buildSettings = {
				ALWAYS_EMBED_SWIFT_STANDARD_LIBRARIES = YES;
				BUNDLE_LOADER = "$(TEST_HOST)";
				CODE_SIGN_STYLE = Automatic;
				CURRENT_PROJECT_VERSION = 1;
				GENERATE_INFOPLIST_FILE = YES;
				IPHONEOS_DEPLOYMENT_TARGET = 16.2;
				MARKETING_VERSION = 1.0;
				PRODUCT_BUNDLE_IDENTIFIER = cunnect.cunnectTests;
				PRODUCT_NAME = "$(TARGET_NAME)";
				SWIFT_EMIT_LOC_STRINGS = NO;
				SWIFT_VERSION = 5.0;
				TARGETED_DEVICE_FAMILY = "1,2";
				TEST_HOST = "$(BUILT_PRODUCTS_DIR)/cunnect.app/$(BUNDLE_EXECUTABLE_FOLDER_PATH)/cunnect";
			};
			name = Debug;
		};
		1988E51629BE2B0100BCB37D /* Release */ = {
			isa = XCBuildConfiguration;
			buildSettings = {
				ALWAYS_EMBED_SWIFT_STANDARD_LIBRARIES = YES;
				BUNDLE_LOADER = "$(TEST_HOST)";
				CODE_SIGN_STYLE = Automatic;
				CURRENT_PROJECT_VERSION = 1;
				GENERATE_INFOPLIST_FILE = YES;
				IPHONEOS_DEPLOYMENT_TARGET = 16.2;
				MARKETING_VERSION = 1.0;
				PRODUCT_BUNDLE_IDENTIFIER = cunnect.cunnectTests;
				PRODUCT_NAME = "$(TARGET_NAME)";
				SWIFT_EMIT_LOC_STRINGS = NO;
				SWIFT_VERSION = 5.0;
				TARGETED_DEVICE_FAMILY = "1,2";
				TEST_HOST = "$(BUILT_PRODUCTS_DIR)/cunnect.app/$(BUNDLE_EXECUTABLE_FOLDER_PATH)/cunnect";
			};
			name = Release;
		};
		1988E51829BE2B0100BCB37D /* Debug */ = {
			isa = XCBuildConfiguration;
			buildSettings = {
				ALWAYS_EMBED_SWIFT_STANDARD_LIBRARIES = YES;
				CODE_SIGN_STYLE = Automatic;
				CURRENT_PROJECT_VERSION = 1;
				GENERATE_INFOPLIST_FILE = YES;
				MARKETING_VERSION = 1.0;
				PRODUCT_BUNDLE_IDENTIFIER = cunnect.cunnectUITests;
				PRODUCT_NAME = "$(TARGET_NAME)";
				SWIFT_EMIT_LOC_STRINGS = NO;
				SWIFT_VERSION = 5.0;
				TARGETED_DEVICE_FAMILY = "1,2";
				TEST_TARGET_NAME = cunnect;
			};
			name = Debug;
		};
		1988E51929BE2B0100BCB37D /* Release */ = {
			isa = XCBuildConfiguration;
			buildSettings = {
				ALWAYS_EMBED_SWIFT_STANDARD_LIBRARIES = YES;
				CODE_SIGN_STYLE = Automatic;
				CURRENT_PROJECT_VERSION = 1;
				GENERATE_INFOPLIST_FILE = YES;
				MARKETING_VERSION = 1.0;
				PRODUCT_BUNDLE_IDENTIFIER = cunnect.cunnectUITests;
				PRODUCT_NAME = "$(TARGET_NAME)";
				SWIFT_EMIT_LOC_STRINGS = NO;
				SWIFT_VERSION = 5.0;
				TARGETED_DEVICE_FAMILY = "1,2";
				TEST_TARGET_NAME = cunnect;
			};
			name = Release;
		};
/* End XCBuildConfiguration section */

/* Begin XCConfigurationList section */
		1988E4E829BE2AFA00BCB37D /* Build configuration list for PBXProject "cunnect" */ = {
			isa = XCConfigurationList;
			buildConfigurations = (
				1988E50F29BE2B0100BCB37D /* Debug */,
				1988E51029BE2B0100BCB37D /* Release */,
			);
			defaultConfigurationIsVisible = 0;
			defaultConfigurationName = Release;
		};
		1988E51129BE2B0100BCB37D /* Build configuration list for PBXNativeTarget "cunnect" */ = {
			isa = XCConfigurationList;
			buildConfigurations = (
				1988E51229BE2B0100BCB37D /* Debug */,
				1988E51329BE2B0100BCB37D /* Release */,
			);
			defaultConfigurationIsVisible = 0;
			defaultConfigurationName = Release;
		};
		1988E51429BE2B0100BCB37D /* Build configuration list for PBXNativeTarget "cunnectTests" */ = {
			isa = XCConfigurationList;
			buildConfigurations = (
				1988E51529BE2B0100BCB37D /* Debug */,
				1988E51629BE2B0100BCB37D /* Release */,
			);
			defaultConfigurationIsVisible = 0;
			defaultConfigurationName = Release;
		};
		1988E51729BE2B0100BCB37D /* Build configuration list for PBXNativeTarget "cunnectUITests" */ = {
			isa = XCConfigurationList;
			buildConfigurations = (
				1988E51829BE2B0100BCB37D /* Debug */,
				1988E51929BE2B0100BCB37D /* Release */,
			);
			defaultConfigurationIsVisible = 0;
			defaultConfigurationName = Release;
		};
/* End XCConfigurationList section */
	};
	rootObject = 1988E4E529BE2AFA00BCB37D /* Project object */;
}
